
Microsoft Visual Studio Solution File, Format Version 12.00
# Visual Studio 15
VisualStudioVersion = 15.0.28307.645
MinimumVisualStudioVersion = 10.0.40219.1
Project("{FAE04EC0-301F-11D3-BF4B-00C04F79EFBC}") = "exercicio13", "exercicio13\exercicio13.csproj", "{82DAEECF-B494-45DC-930E-20F779207DED}"
EndProject
Global
	GlobalSection(SolutionConfigurationPlatforms) = preSolution
		Debug|Any CPU = Debug|Any CPU
		Release|Any CPU = Release|Any CPU
	EndGlobalSection
	GlobalSection(ProjectConfigurationPlatforms) = postSolution
		{82DAEECF-B494-45DC-930E-20F779207DED}.Debug|Any CPU.ActiveCfg = Debug|Any CPU
		{82DAEECF-B494-45DC-930E-20F779207DED}.Debug|Any CPU.Build.0 = Debug|Any CPU
		{82DAEECF-B494-45DC-930E-20F779207DED}.Release|Any CPU.ActiveCfg = Release|Any CPU
		{82DAEECF-B494-45DC-930E-20F779207DED}.Release|Any CPU.Build.0 = Release|Any CPU
	EndGlobalSection
	GlobalSection(SolutionProperties) = preSolution
		HideSolutionNode = FALSE
	EndGlobalSection
	GlobalSection(ExtensibilityGlobals) = postSolution
		SolutionGuid = {C1DE7546-5A9E-4071-9261-4DED22D478C9}
	EndGlobalSection
EndGlobal
